// !$*UTF8*$!
{
	archiveVersion = 1;
	classes = {
	};
	objectVersion = 77;
	objects = {

/* Begin PBXBuildFile section */
		01AC3D4C05C7004B7F076D9D /* InfoPlist.strings in Resources */ = {isa = PBXBuildFile; fileRef = 559DA79145365F0EA4383EE1 /* InfoPlist.strings */; };
		054EB5716E374A09AF656986 /* MatchPersistenceTests.swift in Sources */ = {isa = PBXBuildFile; fileRef = 038CBBD1CA1760963EFF6BE3 /* MatchPersistenceTests.swift */; };
		07A1FB876AC0C9E772BC2127 /* StoreRecoveryTests.swift in Sources */ = {isa = PBXBuildFile; fileRef = 26496E4FEA0A7EC058601837 /* StoreRecoveryTests.swift */; };
		1244A696FA2200BBC7DA5CBE /* ScoreEngine.swift in Sources */ = {isa = PBXBuildFile; fileRef = 67E5FFD85FDB63F1E4B704B7 /* ScoreEngine.swift */; };
		1A8E705F463BAAC8D7B8BD49 /* WatchMessage.swift in Sources */ = {isa = PBXBuildFile; fileRef = 9F815CA932C3F29E53938D4B /* WatchMessage.swift */; };
		1C3E9BB2ECB15A30CA626AA3 /* ScoreEngineTests.swift in Sources */ = {isa = PBXBuildFile; fileRef = 29D3F1B882D2930CBA69F677 /* ScoreEngineTests.swift */; };
		1ED46F5135D057D59564554E /* MatchPersistence.swift in Sources */ = {isa = PBXBuildFile; fileRef = 21275F20964C30E0BE57431F /* MatchPersistence.swift */; };
		220DD4BF5CD96FEF418D738C /* WatchMessage.swift in Sources */ = {isa = PBXBuildFile; fileRef = 9F815CA932C3F29E53938D4B /* WatchMessage.swift */; };
		29591432F72CE1EB4A9B60E3 /* WatchSessionManager.swift in Sources */ = {isa = PBXBuildFile; fileRef = 737E5C4A27BD85CA551EB4C9 /* WatchSessionManager.swift */; };
		2AF488F33CB68A4526B38325 /* PhoneSessionManager.swift in Sources */ = {isa = PBXBuildFile; fileRef = 2365A03997E1963FAE2FAFF3 /* PhoneSessionManager.swift */; };
		2C908B4320388ACDAA67CAE4 /* MatchResultPayloadTests.swift in Sources */ = {isa = PBXBuildFile; fileRef = ADC3734F1362AB35FC860532 /* MatchResultPayloadTests.swift */; };
		2F9C0112E5C196546694D0B8 /* PrivacyInfo.xcprivacy in Resources */ = {isa = PBXBuildFile; fileRef = 02192104EF03F8618E7F05D8 /* PrivacyInfo.xcprivacy */; };
		338E5A754083D3F8C446DAC5 /* MatchPersistence.swift in Sources */ = {isa = PBXBuildFile; fileRef = 21275F20964C30E0BE57431F /* MatchPersistence.swift */; };
		35241BE0AF00D8DEF3997A7A /* MatchState.swift in Sources */ = {isa = PBXBuildFile; fileRef = F51DDD9F7DDD920BA32478B6 /* MatchState.swift */; };
		4947961FE0BFB634D9083982 /* Assets.xcassets in Resources */ = {isa = PBXBuildFile; fileRef = F607F579215BBD1758D83877 /* Assets.xcassets */; };
		4C2319FAD9E54883D0B2A29D /* Localizable.strings in Resources */ = {isa = PBXBuildFile; fileRef = 01524542216A4D00FBAE3460 /* Localizable.strings */; };
		4CFF37933BBA096F45B9EF4E /* Localizable.strings in Resources */ = {isa = PBXBuildFile; fileRef = A25238A822F6D0E5A38AA7E5 /* Localizable.strings */; };
		564FFB929783F14E683261CB /* StoreRecovery.swift in Sources */ = {isa = PBXBuildFile; fileRef = EC40D6416C38F7B65B653DD8 /* StoreRecovery.swift */; };
		71D24E07EBDC009124B556AE /* ScoreView.swift in Sources */ = {isa = PBXBuildFile; fileRef = C0997213C193AD77CEACD376 /* ScoreView.swift */; };
		77AE42A898482A62ECC20CA6 /* PointScoreTests.swift in Sources */ = {isa = PBXBuildFile; fileRef = 0C4F5BF1EE5C2D60E7F3EFD5 /* PointScoreTests.swift */; };
		78C92880128A099B24A7CD48 /* MatchTypeSelectionView.swift in Sources */ = {isa = PBXBuildFile; fileRef = A1E89B8A918542FFB3F0389D /* MatchTypeSelectionView.swift */; };
		78CD36AAB531F9C8D9FE8DD4 /* HomeView.swift in Sources */ = {isa = PBXBuildFile; fileRef = 0973F4D84A6A7F8646D3F5D2 /* HomeView.swift */; };
		7B9000E3AD16732A147CB65B /* ScoreEngine.swift in Sources */ = {isa = PBXBuildFile; fileRef = 67E5FFD85FDB63F1E4B704B7 /* ScoreEngine.swift */; };
		8D64CD3793ED5673BAD2D401 /* InfoPlist.strings in Resources */ = {isa = PBXBuildFile; fileRef = 8D254AB1FB6C6A1DA0C6D529 /* InfoPlist.strings */; };
		93E5597DE2C32F79C230BBB7 /* MatchHistoryView.swift in Sources */ = {isa = PBXBuildFile; fileRef = F54B8E19A416BAD074ED1CE9 /* MatchHistoryView.swift */; };
		989396E3CA7A30F5747C2840 /* MatchState.swift in Sources */ = {isa = PBXBuildFile; fileRef = F51DDD9F7DDD920BA32478B6 /* MatchState.swift */; };
		A2D8CF0A8FF48649ED4C2E31 /* WatchSettingsTests.swift in Sources */ = {isa = PBXBuildFile; fileRef = 83FAA734BDAE85A11D34EBC2 /* WatchSettingsTests.swift */; };
		A36E17FF54692A7E34AF41AE /* MatchDetailView.swift in Sources */ = {isa = PBXBuildFile; fileRef = 6384C90BFE76A48416288478 /* MatchDetailView.swift */; };
		AC4A4BCF92EEDE5F78A5D2A3 /* StoredMatch.swift in Sources */ = {isa = PBXBuildFile; fileRef = 9BA22216A62AA57F8538633B /* StoredMatch.swift */; };
		ACC0EB8738F873C95817CDCE /* BeachTennisWatchApp.swift in Sources */ = {isa = PBXBuildFile; fileRef = AA27D8171AED929B5165A216 /* BeachTennisWatchApp.swift */; };
		ADE596C62E51D48A4B98A776 /* WatchSettings.swift in Sources */ = {isa = PBXBuildFile; fileRef = 0E310D764A0970D265C75E09 /* WatchSettings.swift */; };
		AE18F8DC2EB0E0ADFE13E7BE /* Assets.xcassets in Resources */ = {isa = PBXBuildFile; fileRef = AEC4ADE5E101A4C6B8C59E3A /* Assets.xcassets */; };
		B86F503C681CF82BFC87BB9E /* SettingsView.swift in Sources */ = {isa = PBXBuildFile; fileRef = 1D2079D2D2B1621F0A22237B /* SettingsView.swift */; };
		C556C77808433DF5CD0F1D8A /* TennisScoreEngineTests.swift in Sources */ = {isa = PBXBuildFile; fileRef = A331F1E9E5ED0040839215BA /* TennisScoreEngineTests.swift */; };
		C6DD6BBA15414E669DE7FE1E /* ServeSelectionView.swift in Sources */ = {isa = PBXBuildFile; fileRef = 616D650E03B50F5426E92D38 /* ServeSelectionView.swift */; };
		E175ECD106A41719F45047EC /* BeachTennisCounterWatch.app in Embed Watch Content */ = {isa = PBXBuildFile; fileRef = C4A4D3115E5DE217FA7F7D86 /* BeachTennisCounterWatch.app */; settings = {ATTRIBUTES = (RemoveHeadersOnCopy, ); }; };
		E780DAF383027DBE5F3111EF /* BeachTennisApp.swift in Sources */ = {isa = PBXBuildFile; fileRef = 9D28EC16CCCEA10A4E7D8BA1 /* BeachTennisApp.swift */; };
		F457D0ECDD2D6D57DF573518 /* MatchListView.swift in Sources */ = {isa = PBXBuildFile; fileRef = A64CD23E997EF801E4A50E23 /* MatchListView.swift */; };
		FEF568E1C91B710F76382C44 /* PrivacyInfo.xcprivacy in Resources */ = {isa = PBXBuildFile; fileRef = D62011185524F3A6907CE940 /* PrivacyInfo.xcprivacy */; };
/* End PBXBuildFile section */

/* Begin PBXContainerItemProxy section */
		912AF9A7C1716D55EE0686D8 /* PBXContainerItemProxy */ = {
			isa = PBXContainerItemProxy;
			containerPortal = A25BF8DBFD515AA1A37941B9 /* Project object */;
			proxyType = 1;
			remoteGlobalIDString = E2D494F49B26070A6F56E2DB;
			remoteInfo = BeachTennisCounter;
		};
		CAF3E1D549882308CEDF7CFF /* PBXContainerItemProxy */ = {
			isa = PBXContainerItemProxy;
			containerPortal = A25BF8DBFD515AA1A37941B9 /* Project object */;
			proxyType = 1;
			remoteGlobalIDString = 21D7AF4A08D93A511F730E7C;
			remoteInfo = BeachTennisCounterWatch;
		};
/* End PBXContainerItemProxy section */

/* Begin PBXCopyFilesBuildPhase section */
		80490D0E90E1CF85DBF13BB0 /* Embed Watch Content */ = {
			isa = PBXCopyFilesBuildPhase;
			buildActionMask = 2147483647;
			dstPath = "$(CONTENTS_FOLDER_PATH)/Watch";
			dstSubfolderSpec = 16;
			files = (
				E175ECD106A41719F45047EC /* BeachTennisCounterWatch.app in Embed Watch Content */,
			);
			name = "Embed Watch Content";
			runOnlyForDeploymentPostprocessing = 0;
		};
/* End PBXCopyFilesBuildPhase section */

/* Begin PBXFileReference section */
		01524542216A4D00FBAE3460 /* Localizable.strings */ = {isa = PBXFileReference; lastKnownFileType = text.plist.strings; name = Localizable.strings; path = "pt-BR.lproj/Localizable.strings"; sourceTree = "<group>"; };
		02192104EF03F8618E7F05D8 /* PrivacyInfo.xcprivacy */ = {isa = PBXFileReference; path = PrivacyInfo.xcprivacy; sourceTree = "<group>"; };
		038CBBD1CA1760963EFF6BE3 /* MatchPersistenceTests.swift */ = {isa = PBXFileReference; lastKnownFileType = sourcecode.swift; path = MatchPersistenceTests.swift; sourceTree = "<group>"; };
		0973F4D84A6A7F8646D3F5D2 /* HomeView.swift */ = {isa = PBXFileReference; lastKnownFileType = sourcecode.swift; path = HomeView.swift; sourceTree = "<group>"; };
		0C4F5BF1EE5C2D60E7F3EFD5 /* PointScoreTests.swift */ = {isa = PBXFileReference; lastKnownFileType = sourcecode.swift; path = PointScoreTests.swift; sourceTree = "<group>"; };
		0E310D764A0970D265C75E09 /* WatchSettings.swift */ = {isa = PBXFileReference; lastKnownFileType = sourcecode.swift; path = WatchSettings.swift; sourceTree = "<group>"; };
		1D2079D2D2B1621F0A22237B /* SettingsView.swift */ = {isa = PBXFileReference; lastKnownFileType = sourcecode.swift; path = SettingsView.swift; sourceTree = "<group>"; };
		1E6352B0F7598004C63192B3 /* BeachTennisCounter.app */ = {isa = PBXFileReference; includeInIndex = 0; lastKnownFileType = wrapper.application; path = BeachTennisCounter.app; sourceTree = BUILT_PRODUCTS_DIR; };
		21275F20964C30E0BE57431F /* MatchPersistence.swift */ = {isa = PBXFileReference; lastKnownFileType = sourcecode.swift; path = MatchPersistence.swift; sourceTree = "<group>"; };
		2365A03997E1963FAE2FAFF3 /* PhoneSessionManager.swift */ = {isa = PBXFileReference; lastKnownFileType = sourcecode.swift; path = PhoneSessionManager.swift; sourceTree = "<group>"; };
		26496E4FEA0A7EC058601837 /* StoreRecoveryTests.swift */ = {isa = PBXFileReference; lastKnownFileType = sourcecode.swift; path = StoreRecoveryTests.swift; sourceTree = "<group>"; };
		29D3F1B882D2930CBA69F677 /* ScoreEngineTests.swift */ = {isa = PBXFileReference; lastKnownFileType = sourcecode.swift; path = ScoreEngineTests.swift; sourceTree = "<group>"; };
		559DA79145365F0EA4383EE1 /* InfoPlist.strings */ = {isa = PBXFileReference; lastKnownFileType = text.plist.strings; name = InfoPlist.strings; path = "pt-BR.lproj/InfoPlist.strings"; sourceTree = "<group>"; };
		616D650E03B50F5426E92D38 /* ServeSelectionView.swift */ = {isa = PBXFileReference; lastKnownFileType = sourcecode.swift; path = ServeSelectionView.swift; sourceTree = "<group>"; };
		6384C90BFE76A48416288478 /* MatchDetailView.swift */ = {isa = PBXFileReference; lastKnownFileType = sourcecode.swift; path = MatchDetailView.swift; sourceTree = "<group>"; };
		67E5FFD85FDB63F1E4B704B7 /* ScoreEngine.swift */ = {isa = PBXFileReference; lastKnownFileType = sourcecode.swift; path = ScoreEngine.swift; sourceTree = "<group>"; };
		737E5C4A27BD85CA551EB4C9 /* WatchSessionManager.swift */ = {isa = PBXFileReference; lastKnownFileType = sourcecode.swift; path = WatchSessionManager.swift; sourceTree = "<group>"; };
		7886749CB1C2F7EA01C9F517 /* BeachTennisCounterTests.xctest */ = {isa = PBXFileReference; includeInIndex = 0; lastKnownFileType = wrapper.cfbundle; path = BeachTennisCounterTests.xctest; sourceTree = BUILT_PRODUCTS_DIR; };
		83FAA734BDAE85A11D34EBC2 /* WatchSettingsTests.swift */ = {isa = PBXFileReference; lastKnownFileType = sourcecode.swift; path = WatchSettingsTests.swift; sourceTree = "<group>"; };
		8D254AB1FB6C6A1DA0C6D529 /* InfoPlist.strings */ = {isa = PBXFileReference; lastKnownFileType = text.plist.strings; name = InfoPlist.strings; path = "pt-BR.lproj/InfoPlist.strings"; sourceTree = "<group>"; };
		9BA22216A62AA57F8538633B /* StoredMatch.swift */ = {isa = PBXFileReference; lastKnownFileType = sourcecode.swift; path = StoredMatch.swift; sourceTree = "<group>"; };
		9D28EC16CCCEA10A4E7D8BA1 /* BeachTennisApp.swift */ = {isa = PBXFileReference; lastKnownFileType = sourcecode.swift; path = BeachTennisApp.swift; sourceTree = "<group>"; };
		9F815CA932C3F29E53938D4B /* WatchMessage.swift */ = {isa = PBXFileReference; lastKnownFileType = sourcecode.swift; path = WatchMessage.swift; sourceTree = "<group>"; };
		A1E89B8A918542FFB3F0389D /* MatchTypeSelectionView.swift */ = {isa = PBXFileReference; lastKnownFileType = sourcecode.swift; path = MatchTypeSelectionView.swift; sourceTree = "<group>"; };
		A25238A822F6D0E5A38AA7E5 /* Localizable.strings */ = {isa = PBXFileReference; lastKnownFileType = text.plist.strings; name = Localizable.strings; path = "pt-BR.lproj/Localizable.strings"; sourceTree = "<group>"; };
		A331F1E9E5ED0040839215BA /* TennisScoreEngineTests.swift */ = {isa = PBXFileReference; lastKnownFileType = sourcecode.swift; path = TennisScoreEngineTests.swift; sourceTree = "<group>"; };
		A64CD23E997EF801E4A50E23 /* MatchListView.swift */ = {isa = PBXFileReference; lastKnownFileType = sourcecode.swift; path = MatchListView.swift; sourceTree = "<group>"; };
		AA27D8171AED929B5165A216 /* BeachTennisWatchApp.swift */ = {isa = PBXFileReference; lastKnownFileType = sourcecode.swift; path = BeachTennisWatchApp.swift; sourceTree = "<group>"; };
		AA336868DB80B42591F49495 /* Info.plist */ = {isa = PBXFileReference; lastKnownFileType = text.plist; path = Info.plist; sourceTree = "<group>"; };
		ADC3734F1362AB35FC860532 /* MatchResultPayloadTests.swift */ = {isa = PBXFileReference; lastKnownFileType = sourcecode.swift; path = MatchResultPayloadTests.swift; sourceTree = "<group>"; };
		AEC4ADE5E101A4C6B8C59E3A /* Assets.xcassets */ = {isa = PBXFileReference; lastKnownFileType = folder.assetcatalog; path = Assets.xcassets; sourceTree = "<group>"; };
		C0997213C193AD77CEACD376 /* ScoreView.swift */ = {isa = PBXFileReference; lastKnownFileType = sourcecode.swift; path = ScoreView.swift; sourceTree = "<group>"; };
		C4A4D3115E5DE217FA7F7D86 /* BeachTennisCounterWatch.app */ = {isa = PBXFileReference; explicitFileType = wrapper.application; includeInIndex = 0; path = BeachTennisCounterWatch.app; sourceTree = BUILT_PRODUCTS_DIR; };
		D62011185524F3A6907CE940 /* PrivacyInfo.xcprivacy */ = {isa = PBXFileReference; path = PrivacyInfo.xcprivacy; sourceTree = "<group>"; };
		EC40D6416C38F7B65B653DD8 /* StoreRecovery.swift */ = {isa = PBXFileReference; lastKnownFileType = sourcecode.swift; path = StoreRecovery.swift; sourceTree = "<group>"; };
		F51DDD9F7DDD920BA32478B6 /* MatchState.swift */ = {isa = PBXFileReference; lastKnownFileType = sourcecode.swift; path = MatchState.swift; sourceTree = "<group>"; };
		F54B8E19A416BAD074ED1CE9 /* MatchHistoryView.swift */ = {isa = PBXFileReference; lastKnownFileType = sourcecode.swift; path = MatchHistoryView.swift; sourceTree = "<group>"; };
		F607F579215BBD1758D83877 /* Assets.xcassets */ = {isa = PBXFileReference; lastKnownFileType = folder.assetcatalog; path = Assets.xcassets; sourceTree = "<group>"; };
		F8E65AAF7C81FAA9FB62A1F2 /* BeachTennisCounter.entitlements */ = {isa = PBXFileReference; lastKnownFileType = text.plist.entitlements; path = BeachTennisCounter.entitlements; sourceTree = "<group>"; };
		FA5BBE820E1F5224ECC19672 /* Info.plist */ = {isa = PBXFileReference; lastKnownFileType = text.plist; path = Info.plist; sourceTree = "<group>"; };
/* End PBXFileReference section */

/* Begin PBXGroup section */
		03354F17380316E1A5FCE956 = {
			isa = PBXGroup;
			children = (
				B0192820DD1C8933F8D7A0CE /* iOS */,
				50360E0C5A0705F9D8AF3D73 /* Shared */,
				5F957C97237297C37F2E6C16 /* Tests */,
				D48A721276544CFD42741213 /* watchOS */,
				2B5992D7D07E9A670E303CD3 /* Products */,
			);
			sourceTree = "<group>";
		};
		2B5992D7D07E9A670E303CD3 /* Products */ = {
			isa = PBXGroup;
			children = (
				1E6352B0F7598004C63192B3 /* BeachTennisCounter.app */,
				7886749CB1C2F7EA01C9F517 /* BeachTennisCounterTests.xctest */,
				C4A4D3115E5DE217FA7F7D86 /* BeachTennisCounterWatch.app */,
			);
			name = Products;
			sourceTree = "<group>";
		};
		2FEC20284B7E7FA1F82E35D9 /* Models */ = {
			isa = PBXGroup;
			children = (
				9BA22216A62AA57F8538633B /* StoredMatch.swift */,
			);
			path = Models;
			sourceTree = "<group>";
		};
		36222F15DCEA27A7CB570B48 /* Services */ = {
			isa = PBXGroup;
			children = (
				2365A03997E1963FAE2FAFF3 /* PhoneSessionManager.swift */,
				EC40D6416C38F7B65B653DD8 /* StoreRecovery.swift */,
			);
			path = Services;
			sourceTree = "<group>";
		};
		3A5073EF7578A3EDE2317682 /* Views */ = {
			isa = PBXGroup;
			children = (
				6384C90BFE76A48416288478 /* MatchDetailView.swift */,
				A64CD23E997EF801E4A50E23 /* MatchListView.swift */,
				1D2079D2D2B1621F0A22237B /* SettingsView.swift */,
			);
			path = Views;
			sourceTree = "<group>";
		};
		50360E0C5A0705F9D8AF3D73 /* Shared */ = {
			isa = PBXGroup;
			children = (
				21275F20964C30E0BE57431F /* MatchPersistence.swift */,
				F51DDD9F7DDD920BA32478B6 /* MatchState.swift */,
				67E5FFD85FDB63F1E4B704B7 /* ScoreEngine.swift */,
				9F815CA932C3F29E53938D4B /* WatchMessage.swift */,
				0E310D764A0970D265C75E09 /* WatchSettings.swift */,
			);
			path = Shared;
			sourceTree = "<group>";
		};
		5F957C97237297C37F2E6C16 /* Tests */ = {
			isa = PBXGroup;
			children = (
				038CBBD1CA1760963EFF6BE3 /* MatchPersistenceTests.swift */,
				ADC3734F1362AB35FC860532 /* MatchResultPayloadTests.swift */,
				0C4F5BF1EE5C2D60E7F3EFD5 /* PointScoreTests.swift */,
				29D3F1B882D2930CBA69F677 /* ScoreEngineTests.swift */,
				26496E4FEA0A7EC058601837 /* StoreRecoveryTests.swift */,
				A331F1E9E5ED0040839215BA /* TennisScoreEngineTests.swift */,
				83FAA734BDAE85A11D34EBC2 /* WatchSettingsTests.swift */,
			);
			path = Tests;
			sourceTree = "<group>";
		};
		B0192820DD1C8933F8D7A0CE /* iOS */ = {
			isa = PBXGroup;
			children = (
				2FEC20284B7E7FA1F82E35D9 /* Models */,
				36222F15DCEA27A7CB570B48 /* Services */,
				3A5073EF7578A3EDE2317682 /* Views */,
				F607F579215BBD1758D83877 /* Assets.xcassets */,
				9D28EC16CCCEA10A4E7D8BA1 /* BeachTennisApp.swift */,
				F8E65AAF7C81FAA9FB62A1F2 /* BeachTennisCounter.entitlements */,
				AA336868DB80B42591F49495 /* Info.plist */,
				8D254AB1FB6C6A1DA0C6D529 /* InfoPlist.strings */,
				01524542216A4D00FBAE3460 /* Localizable.strings */,
				D62011185524F3A6907CE940 /* PrivacyInfo.xcprivacy */,
			);
			path = iOS;
			sourceTree = "<group>";
		};
		D48A721276544CFD42741213 /* watchOS */ = {
			isa = PBXGroup;
			children = (
				D5BD25BC80D0DBF6E1D18BB3 /* Services */,
				D8298DFAEF355D7408F3863D /* Views */,
				AEC4ADE5E101A4C6B8C59E3A /* Assets.xcassets */,
				AA27D8171AED929B5165A216 /* BeachTennisWatchApp.swift */,
				FA5BBE820E1F5224ECC19672 /* Info.plist */,
				559DA79145365F0EA4383EE1 /* InfoPlist.strings */,
				A25238A822F6D0E5A38AA7E5 /* Localizable.strings */,
				02192104EF03F8618E7F05D8 /* PrivacyInfo.xcprivacy */,
			);
			path = watchOS;
			sourceTree = "<group>";
		};
		D5BD25BC80D0DBF6E1D18BB3 /* Services */ = {
			isa = PBXGroup;
			children = (
				737E5C4A27BD85CA551EB4C9 /* WatchSessionManager.swift */,
			);
			path = Services;
			sourceTree = "<group>";
		};
		D8298DFAEF355D7408F3863D /* Views */ = {
			isa = PBXGroup;
			children = (
				0973F4D84A6A7F8646D3F5D2 /* HomeView.swift */,
				F54B8E19A416BAD074ED1CE9 /* MatchHistoryView.swift */,
				A1E89B8A918542FFB3F0389D /* MatchTypeSelectionView.swift */,
				C0997213C193AD77CEACD376 /* ScoreView.swift */,
				616D650E03B50F5426E92D38 /* ServeSelectionView.swift */,
			);
			path = Views;
			sourceTree = "<group>";
		};
/* End PBXGroup section */

/* Begin PBXNativeTarget section */
		21D7AF4A08D93A511F730E7C /* BeachTennisCounterWatch */ = {
			isa = PBXNativeTarget;
			buildConfigurationList = D82588351BDB09D511B65DC8 /* Build configuration list for PBXNativeTarget "BeachTennisCounterWatch" */;
			buildPhases = (
				0AD3BFFAA4F34F62114BC89F /* Sources */,
				497A93C5868FF3D0310F6A15 /* Resources */,
			);
			buildRules = (
			);
			dependencies = (
			);
			name = BeachTennisCounterWatch;
			packageProductDependencies = (
			);
			productName = BeachTennisCounterWatch;
			productReference = C4A4D3115E5DE217FA7F7D86 /* BeachTennisCounterWatch.app */;
			productType = "com.apple.product-type.application";
		};
		242E60FF54170D69D35FB057 /* BeachTennisCounterTests */ = {
			isa = PBXNativeTarget;
			buildConfigurationList = E03E451E52C9F2634841641D /* Build configuration list for PBXNativeTarget "BeachTennisCounterTests" */;
			buildPhases = (
				D6A6252AEB3CAF0A098D3B7E /* Sources */,
			);
			buildRules = (
			);
			dependencies = (
				5DE3FA9B5C139D6C3E416823 /* PBXTargetDependency */,
			);
			name = BeachTennisCounterTests;
			packageProductDependencies = (
			);
			productName = BeachTennisCounterTests;
			productReference = 7886749CB1C2F7EA01C9F517 /* BeachTennisCounterTests.xctest */;
			productType = "com.apple.product-type.bundle.unit-test";
		};
		E2D494F49B26070A6F56E2DB /* BeachTennisCounter */ = {
			isa = PBXNativeTarget;
			buildConfigurationList = 784F1AA4BAD68F78B98D319D /* Build configuration list for PBXNativeTarget "BeachTennisCounter" */;
			buildPhases = (
				814673C23837AAED33E3E536 /* Sources */,
				FD9C4D38B706C3EEFE157DF0 /* Resources */,
				80490D0E90E1CF85DBF13BB0 /* Embed Watch Content */,
			);
			buildRules = (
			);
			dependencies = (
				EA7E469E08A35A4926A12EE8 /* PBXTargetDependency */,
			);
			name = BeachTennisCounter;
			packageProductDependencies = (
			);
			productName = BeachTennisCounter;
			productReference = 1E6352B0F7598004C63192B3 /* BeachTennisCounter.app */;
			productType = "com.apple.product-type.application";
		};
/* End PBXNativeTarget section */

/* Begin PBXProject section */
		A25BF8DBFD515AA1A37941B9 /* Project object */ = {
			isa = PBXProject;
			attributes = {
				BuildIndependentTargetsInParallel = YES;
				LastUpgradeCheck = 1430;
				TargetAttributes = {
				};
			};
			buildConfigurationList = 46F0454BA02A6BD9701DEA03 /* Build configuration list for PBXProject "BeachTennisCounter" */;
			developmentRegion = en;
			hasScannedForEncodings = 0;
			knownRegions = (
				Base,
				en,
				"pt-BR",
			);
			mainGroup = 03354F17380316E1A5FCE956;
			minimizedProjectReferenceProxies = 1;
			preferredProjectObjectVersion = 77;
			productRefGroup = 2B5992D7D07E9A670E303CD3 /* Products */;
			projectDirPath = "";
			projectRoot = "";
			targets = (
				E2D494F49B26070A6F56E2DB /* BeachTennisCounter */,
				242E60FF54170D69D35FB057 /* BeachTennisCounterTests */,
				21D7AF4A08D93A511F730E7C /* BeachTennisCounterWatch */,
			);
		};
/* End PBXProject section */

/* Begin PBXResourcesBuildPhase section */
		497A93C5868FF3D0310F6A15 /* Resources */ = {
			isa = PBXResourcesBuildPhase;
			buildActionMask = 2147483647;
			files = (
				AE18F8DC2EB0E0ADFE13E7BE /* Assets.xcassets in Resources */,
				01AC3D4C05C7004B7F076D9D /* InfoPlist.strings in Resources */,
				4CFF37933BBA096F45B9EF4E /* Localizable.strings in Resources */,
				2F9C0112E5C196546694D0B8 /* PrivacyInfo.xcprivacy in Resources */,
			);
			runOnlyForDeploymentPostprocessing = 0;
		};
		FD9C4D38B706C3EEFE157DF0 /* Resources */ = {
			isa = PBXResourcesBuildPhase;
			buildActionMask = 2147483647;
			files = (
				4947961FE0BFB634D9083982 /* Assets.xcassets in Resources */,
				8D64CD3793ED5673BAD2D401 /* InfoPlist.strings in Resources */,
				4C2319FAD9E54883D0B2A29D /* Localizable.strings in Resources */,
				FEF568E1C91B710F76382C44 /* PrivacyInfo.xcprivacy in Resources */,
			);
			runOnlyForDeploymentPostprocessing = 0;
		};
/* End PBXResourcesBuildPhase section */

/* Begin PBXSourcesBuildPhase section */
		0AD3BFFAA4F34F62114BC89F /* Sources */ = {
			isa = PBXSourcesBuildPhase;
			buildActionMask = 2147483647;
			files = (
				ACC0EB8738F873C95817CDCE /* BeachTennisWatchApp.swift in Sources */,
				78CD36AAB531F9C8D9FE8DD4 /* HomeView.swift in Sources */,
				93E5597DE2C32F79C230BBB7 /* MatchHistoryView.swift in Sources */,
				338E5A754083D3F8C446DAC5 /* MatchPersistence.swift in Sources */,
				35241BE0AF00D8DEF3997A7A /* MatchState.swift in Sources */,
				78C92880128A099B24A7CD48 /* MatchTypeSelectionView.swift in Sources */,
				1244A696FA2200BBC7DA5CBE /* ScoreEngine.swift in Sources */,
				71D24E07EBDC009124B556AE /* ScoreView.swift in Sources */,
				C6DD6BBA15414E669DE7FE1E /* ServeSelectionView.swift in Sources */,
				220DD4BF5CD96FEF418D738C /* WatchMessage.swift in Sources */,
				29591432F72CE1EB4A9B60E3 /* WatchSessionManager.swift in Sources */,
				67103C2A175B4DA92518633A /* WatchSettings.swift in Sources */,
			);
			runOnlyForDeploymentPostprocessing = 0;
		};
		814673C23837AAED33E3E536 /* Sources */ = {
			isa = PBXSourcesBuildPhase;
			buildActionMask = 2147483647;
			files = (
				E780DAF383027DBE5F3111EF /* BeachTennisApp.swift in Sources */,
				A36E17FF54692A7E34AF41AE /* MatchDetailView.swift in Sources */,
				F457D0ECDD2D6D57DF573518 /* MatchListView.swift in Sources */,
				1ED46F5135D057D59564554E /* MatchPersistence.swift in Sources */,
				989396E3CA7A30F5747C2840 /* MatchState.swift in Sources */,
				2AF488F33CB68A4526B38325 /* PhoneSessionManager.swift in Sources */,
				7B9000E3AD16732A147CB65B /* ScoreEngine.swift in Sources */,
				B86F503C681CF82BFC87BB9E /* SettingsView.swift in Sources */,
				564FFB929783F14E683261CB /* StoreRecovery.swift in Sources */,
				AC4A4BCF92EEDE5F78A5D2A3 /* StoredMatch.swift in Sources */,
				1A8E705F463BAAC8D7B8BD49 /* WatchMessage.swift in Sources */,
				ADE596C62E51D48A4B98A776 /* WatchSettings.swift in Sources */,
			);
			runOnlyForDeploymentPostprocessing = 0;
		};
		D6A6252AEB3CAF0A098D3B7E /* Sources */ = {
			isa = PBXSourcesBuildPhase;
			buildActionMask = 2147483647;
			files = (
				054EB5716E374A09AF656986 /* MatchPersistenceTests.swift in Sources */,
				2C908B4320388ACDAA67CAE4 /* MatchResultPayloadTests.swift in Sources */,
				77AE42A898482A62ECC20CA6 /* PointScoreTests.swift in Sources */,
				1C3E9BB2ECB15A30CA626AA3 /* ScoreEngineTests.swift in Sources */,
				07A1FB876AC0C9E772BC2127 /* StoreRecoveryTests.swift in Sources */,
				C556C77808433DF5CD0F1D8A /* TennisScoreEngineTests.swift in Sources */,
				A2D8CF0A8FF48649ED4C2E31 /* WatchSettingsTests.swift in Sources */,
			);
			runOnlyForDeploymentPostprocessing = 0;
		};
/* End PBXSourcesBuildPhase section */

/* Begin PBXTargetDependency section */
		5DE3FA9B5C139D6C3E416823 /* PBXTargetDependency */ = {
			isa = PBXTargetDependency;
			target = E2D494F49B26070A6F56E2DB /* BeachTennisCounter */;
			targetProxy = 912AF9A7C1716D55EE0686D8 /* PBXContainerItemProxy */;
		};
		EA7E469E08A35A4926A12EE8 /* PBXTargetDependency */ = {
			isa = PBXTargetDependency;
			target = 21D7AF4A08D93A511F730E7C /* BeachTennisCounterWatch */;
			targetProxy = CAF3E1D549882308CEDF7CFF /* PBXContainerItemProxy */;
		};
/* End PBXTargetDependency section */

/* Begin XCBuildConfiguration section */
		0029B1070FECA42A8A9892AD /* Debug */ = {
			isa = XCBuildConfiguration;
			buildSettings = {
				ASSETCATALOG_COMPILER_APPICON_NAME = AppIcon;
				INFOPLIST_FILE = watchOS/Info.plist;
				PRODUCT_BUNDLE_IDENTIFIER = com.renan.beachtennis.watchkitapp;
				SDKROOT = watchos;
				SKIP_INSTALL = YES;
				TARGETED_DEVICE_FAMILY = 4;
				WATCHOS_DEPLOYMENT_TARGET = 26.0;
			};
			name = Debug;
		};
		0570C1807D350FC7ADBE4B72 /* Release */ = {
			isa = XCBuildConfiguration;
			buildSettings = {
				ASSETCATALOG_COMPILER_APPICON_NAME = AppIcon;
				INFOPLIST_FILE = watchOS/Info.plist;
				PRODUCT_BUNDLE_IDENTIFIER = com.renan.beachtennis.watchkitapp;
				SDKROOT = watchos;
				SKIP_INSTALL = YES;
				TARGETED_DEVICE_FAMILY = 4;
				WATCHOS_DEPLOYMENT_TARGET = 26.0;
			};
			name = Release;
		};
		3E033625DBDF0951BB457F56 /* Release */ = {
			isa = XCBuildConfiguration;
			buildSettings = {
				ASSETCATALOG_COMPILER_APPICON_NAME = AppIcon;
				CODE_SIGN_ENTITLEMENTS = iOS/BeachTennisCounter.entitlements;
				CODE_SIGN_IDENTITY = "iPhone Developer";
				INFOPLIST_FILE = iOS/Info.plist;
				IPHONEOS_DEPLOYMENT_TARGET = 26.0;
				LD_RUNPATH_SEARCH_PATHS = (
					"$(inherited)",
					"@executable_path/Frameworks",
				);
				PRODUCT_BUNDLE_IDENTIFIER = com.renan.beachtennis;
				SDKROOT = iphoneos;
				TARGETED_DEVICE_FAMILY = 1;
			};
			name = Release;
		};
		3EB1B323C86D899A2CC4606F /* Debug */ = {
			isa = XCBuildConfiguration;
			buildSettings = {
				ASSETCATALOG_COMPILER_APPICON_NAME = AppIcon;
				CODE_SIGN_ENTITLEMENTS = iOS/BeachTennisCounter.entitlements;
				CODE_SIGN_IDENTITY = "iPhone Developer";
				INFOPLIST_FILE = iOS/Info.plist;
				IPHONEOS_DEPLOYMENT_TARGET = 26.0;
				LD_RUNPATH_SEARCH_PATHS = (
					"$(inherited)",
					"@executable_path/Frameworks",
				);
				PRODUCT_BUNDLE_IDENTIFIER = com.renan.beachtennis;
				SDKROOT = iphoneos;
				TARGETED_DEVICE_FAMILY = 1;
			};
			name = Debug;
		};
		8F65FD737681855D42A23071 /* Debug */ = {
			isa = XCBuildConfiguration;
			buildSettings = {
				BUNDLE_LOADER = "$(TEST_HOST)";
				IPHONEOS_DEPLOYMENT_TARGET = 26.0;
				LD_RUNPATH_SEARCH_PATHS = (
					"$(inherited)",
					"@executable_path/Frameworks",
					"@loader_path/Frameworks",
				);
				PRODUCT_BUNDLE_IDENTIFIER = com.renan.beachtennis.tests;
				SDKROOT = iphoneos;
				TARGETED_DEVICE_FAMILY = "1,2";
				TEST_HOST = "$(BUILT_PRODUCTS_DIR)/BeachTennisCounter.app/BeachTennisCounter";
			};
			name = Debug;
		};
		A40D0BBE1CD661E92CE2316B /* Debug */ = {
			isa = XCBuildConfiguration;
			buildSettings = {
				ALWAYS_SEARCH_USER_PATHS = NO;
				CLANG_ANALYZER_NONNULL = YES;
				CLANG_ANALYZER_NUMBER_OBJECT_CONVERSION = YES_AGGRESSIVE;
				CLANG_CXX_LANGUAGE_STANDARD = "gnu++14";
				CLANG_CXX_LIBRARY = "libc++";
				CLANG_ENABLE_MODULES = YES;
				CLANG_ENABLE_OBJC_ARC = YES;
				CLANG_ENABLE_OBJC_WEAK = YES;
				CLANG_WARN_BLOCK_CAPTURE_AUTORELEASING = YES;
				CLANG_WARN_BOOL_CONVERSION = YES;
				CLANG_WARN_COMMA = YES;
				CLANG_WARN_CONSTANT_CONVERSION = YES;
				CLANG_WARN_DEPRECATED_OBJC_IMPLEMENTATIONS = YES;
				CLANG_WARN_DIRECT_OBJC_ISA_USAGE = YES_ERROR;
				CLANG_WARN_DOCUMENTATION_COMMENTS = YES;
				CLANG_WARN_EMPTY_BODY = YES;
				CLANG_WARN_ENUM_CONVERSION = YES;
				CLANG_WARN_INFINITE_RECURSION = YES;
				CLANG_WARN_INT_CONVERSION = YES;
				CLANG_WARN_NON_LITERAL_NULL_CONVERSION = YES;
				CLANG_WARN_OBJC_IMPLICIT_RETAIN_SELF = YES;
				CLANG_WARN_OBJC_LITERAL_CONVERSION = YES;
				CLANG_WARN_OBJC_ROOT_CLASS = YES_ERROR;
				CLANG_WARN_QUOTED_INCLUDE_IN_FRAMEWORK_HEADER = YES;
				CLANG_WARN_RANGE_LOOP_ANALYSIS = YES;
				CLANG_WARN_STRICT_PROTOTYPES = YES;
				CLANG_WARN_SUSPICIOUS_MOVE = YES;
				CLANG_WARN_UNGUARDED_AVAILABILITY = YES_AGGRESSIVE;
				CLANG_WARN_UNREACHABLE_CODE = YES;
				CLANG_WARN__DUPLICATE_METHOD_MATCH = YES;
				COPY_PHASE_STRIP = NO;
				CURRENT_PROJECT_VERSION = 5;
				DEBUG_INFORMATION_FORMAT = dwarf;
				ENABLE_STRICT_OBJC_MSGSEND = YES;
				ENABLE_TESTABILITY = YES;
				GCC_C_LANGUAGE_STANDARD = gnu11;
				GCC_DYNAMIC_NO_PIC = NO;
				GCC_NO_COMMON_BLOCKS = YES;
				GCC_OPTIMIZATION_LEVEL = 0;
				GCC_PREPROCESSOR_DEFINITIONS = (
					"$(inherited)",
					"DEBUG=1",
				);
				GCC_WARN_64_TO_32_BIT_CONVERSION = YES;
				GCC_WARN_ABOUT_RETURN_TYPE = YES_ERROR;
				GCC_WARN_UNDECLARED_SELECTOR = YES;
				GCC_WARN_UNINITIALIZED_AUTOS = YES_AGGRESSIVE;
				GCC_WARN_UNUSED_FUNCTION = YES;
				GCC_WARN_UNUSED_VARIABLE = YES;
				IPHONEOS_DEPLOYMENT_TARGET = 26.0;
				MARKETING_VERSION = 1.2.1;
				MTL_ENABLE_DEBUG_INFO = INCLUDE_SOURCE;
				MTL_FAST_MATH = YES;
				ONLY_ACTIVE_ARCH = YES;
				PRODUCT_NAME = "$(TARGET_NAME)";
				SWIFT_ACTIVE_COMPILATION_CONDITIONS = DEBUG;
				SWIFT_OPTIMIZATION_LEVEL = "-Onone";
				SWIFT_VERSION = 6.0;
				WATCHOS_DEPLOYMENT_TARGET = 26.0;
			};
			name = Debug;
		};
		C9F8D8AC38D37119B8296E0C /* Release */ = {
			isa = XCBuildConfiguration;
			buildSettings = {
				BUNDLE_LOADER = "$(TEST_HOST)";
				IPHONEOS_DEPLOYMENT_TARGET = 26.0;
				LD_RUNPATH_SEARCH_PATHS = (
					"$(inherited)",
					"@executable_path/Frameworks",
					"@loader_path/Frameworks",
				);
				PRODUCT_BUNDLE_IDENTIFIER = com.renan.beachtennis.tests;
				SDKROOT = iphoneos;
				TARGETED_DEVICE_FAMILY = "1,2";
				TEST_HOST = "$(BUILT_PRODUCTS_DIR)/BeachTennisCounter.app/BeachTennisCounter";
			};
			name = Release;
		};
		DD355CAE04247CC5075A826D /* Release */ = {
			isa = XCBuildConfiguration;
			buildSettings = {
				ALWAYS_SEARCH_USER_PATHS = NO;
				CLANG_ANALYZER_NONNULL = YES;
				CLANG_ANALYZER_NUMBER_OBJECT_CONVERSION = YES_AGGRESSIVE;
				CLANG_CXX_LANGUAGE_STANDARD = "gnu++14";
				CLANG_CXX_LIBRARY = "libc++";
				CLANG_ENABLE_MODULES = YES;
				CLANG_ENABLE_OBJC_ARC = YES;
				CLANG_ENABLE_OBJC_WEAK = YES;
				CLANG_WARN_BLOCK_CAPTURE_AUTORELEASING = YES;
				CLANG_WARN_BOOL_CONVERSION = YES;
				CLANG_WARN_COMMA = YES;
				CLANG_WARN_CONSTANT_CONVERSION = YES;
				CLANG_WARN_DEPRECATED_OBJC_IMPLEMENTATIONS = YES;
				CLANG_WARN_DIRECT_OBJC_ISA_USAGE = YES_ERROR;
				CLANG_WARN_DOCUMENTATION_COMMENTS = YES;
				CLANG_WARN_EMPTY_BODY = YES;
				CLANG_WARN_ENUM_CONVERSION = YES;
				CLANG_WARN_INFINITE_RECURSION = YES;
				CLANG_WARN_INT_CONVERSION = YES;
				CLANG_WARN_NON_LITERAL_NULL_CONVERSION = YES;
				CLANG_WARN_OBJC_IMPLICIT_RETAIN_SELF = YES;
				CLANG_WARN_OBJC_LITERAL_CONVERSION = YES;
				CLANG_WARN_OBJC_ROOT_CLASS = YES_ERROR;
				CLANG_WARN_QUOTED_INCLUDE_IN_FRAMEWORK_HEADER = YES;
				CLANG_WARN_RANGE_LOOP_ANALYSIS = YES;
				CLANG_WARN_STRICT_PROTOTYPES = YES;
				CLANG_WARN_SUSPICIOUS_MOVE = YES;
				CLANG_WARN_UNGUARDED_AVAILABILITY = YES_AGGRESSIVE;
				CLANG_WARN_UNREACHABLE_CODE = YES;
				CLANG_WARN__DUPLICATE_METHOD_MATCH = YES;
				COPY_PHASE_STRIP = NO;
				CURRENT_PROJECT_VERSION = 5;
				DEBUG_INFORMATION_FORMAT = "dwarf-with-dsym";
				ENABLE_NS_ASSERTIONS = NO;
				ENABLE_STRICT_OBJC_MSGSEND = YES;
				GCC_C_LANGUAGE_STANDARD = gnu11;
				GCC_NO_COMMON_BLOCKS = YES;
				GCC_WARN_64_TO_32_BIT_CONVERSION = YES;
				GCC_WARN_ABOUT_RETURN_TYPE = YES_ERROR;
				GCC_WARN_UNDECLARED_SELECTOR = YES;
				GCC_WARN_UNINITIALIZED_AUTOS = YES_AGGRESSIVE;
				GCC_WARN_UNUSED_FUNCTION = YES;
				GCC_WARN_UNUSED_VARIABLE = YES;
				IPHONEOS_DEPLOYMENT_TARGET = 26.0;
				MARKETING_VERSION = 1.2.1;
				MTL_ENABLE_DEBUG_INFO = NO;
				MTL_FAST_MATH = YES;
				PRODUCT_NAME = "$(TARGET_NAME)";
				SWIFT_COMPILATION_MODE = wholemodule;
				SWIFT_OPTIMIZATION_LEVEL = "-O";
				SWIFT_VERSION = 6.0;
				WATCHOS_DEPLOYMENT_TARGET = 26.0;
			};
			name = Release;
		};
/* End XCBuildConfiguration section */

/* Begin XCConfigurationList section */
		46F0454BA02A6BD9701DEA03 /* Build configuration list for PBXProject "BeachTennisCounter" */ = {
			isa = XCConfigurationList;
			buildConfigurations = (
				A40D0BBE1CD661E92CE2316B /* Debug */,
				DD355CAE04247CC5075A826D /* Release */,
			);
			defaultConfigurationIsVisible = 0;
			defaultConfigurationName = Debug;
		};
		784F1AA4BAD68F78B98D319D /* Build configuration list for PBXNativeTarget "BeachTennisCounter" */ = {
			isa = XCConfigurationList;
			buildConfigurations = (
				3EB1B323C86D899A2CC4606F /* Debug */,
				3E033625DBDF0951BB457F56 /* Release */,
			);
			defaultConfigurationIsVisible = 0;
			defaultConfigurationName = Debug;
		};
		D82588351BDB09D511B65DC8 /* Build configuration list for PBXNativeTarget "BeachTennisCounterWatch" */ = {
			isa = XCConfigurationList;
			buildConfigurations = (
				0029B1070FECA42A8A9892AD /* Debug */,
				0570C1807D350FC7ADBE4B72 /* Release */,
			);
			defaultConfigurationIsVisible = 0;
			defaultConfigurationName = Debug;
		};
		E03E451E52C9F2634841641D /* Build configuration list for PBXNativeTarget "BeachTennisCounterTests" */ = {
			isa = XCConfigurationList;
			buildConfigurations = (
				8F65FD737681855D42A23071 /* Debug */,
				C9F8D8AC38D37119B8296E0C /* Release */,
			);
			defaultConfigurationIsVisible = 0;
			defaultConfigurationName = Debug;
		};
/* End XCConfigurationList section */
	};
	rootObject = A25BF8DBFD515AA1A37941B9 /* Project object */;
}
